
Microsoft Visual Studio Solution File, Format Version 12.00
# Visual Studio Version 16
VisualStudioVersion = 16.0.31205.134
MinimumVisualStudioVersion = 10.0.40219.1
Project("{FAE04EC0-301F-11D3-BF4B-00C04F79EFBC}") = "OutRich.Fibonacci", "OutRich.Fibonacci\OutRich.Fibonacci.csproj", "{4939D87B-A3E4-4E61-A700-4F4BB47CEF24}"
EndProject
Global
	GlobalSection(SolutionConfigurationPlatforms) = preSolution
		Debug|Any CPU = Debug|Any CPU
		Release|Any CPU = Release|Any CPU
	EndGlobalSection
	GlobalSection(ProjectConfigurationPlatforms) = postSolution
		{4939D87B-A3E4-4E61-A700-4F4BB47CEF24}.Debug|Any CPU.ActiveCfg = Debug|Any CPU
		{4939D87B-A3E4-4E61-A700-4F4BB47CEF24}.Debug|Any CPU.Build.0 = Debug|Any CPU
		{4939D87B-A3E4-4E61-A700-4F4BB47CEF24}.Release|Any CPU.ActiveCfg = Release|Any CPU
		{4939D87B-A3E4-4E61-A700-4F4BB47CEF24}.Release|Any CPU.Build.0 = Release|Any CPU
	EndGlobalSection
	GlobalSection(SolutionProperties) = preSolution
		HideSolutionNode = FALSE
	EndGlobalSection
	GlobalSection(ExtensibilityGlobals) = postSolution
		SolutionGuid = {A51ED20F-0EC1-466D-BA50-806987177824}
	EndGlobalSection
EndGlobal
